<?xml version="1.0" encoding="UTF-8"?>
<Scheme
  LastUpgradeVersion = "0500"
  version = "1.3">
  <BuildAction
     parallelizeBuildables = "YES"
     buildImplicitDependencies = "YES">
     <BuildActionEntries>
        <BuildActionEntry
           buildForTesting = "YES"
           buildForRunning = "YES"
           buildForProfiling = "YES"
           buildForArchiving = "YES"
           buildForAnalyzing = "YES">
           <BuildableReference
              BuildableIdentifier = "primary"
              BlueprintIdentifier = "8E963538CD385D3493C3CF8E"
              BuildableName = "UE4CmdLineRun.xctest"
              BlueprintName = "UE4CmdLineRun"
              ReferencedContainer = "container:GestureRecognizer.xcodeproj">
           </BuildableReference>
        </BuildActionEntry>
     </BuildActionEntries>
  </BuildAction>
  <TestAction
      selectedDebuggerIdentifier = "Xcode.DebuggerFoundation.Debugger.LLDB"
     selectedLauncherIdentifier = "Xcode.DebuggerFoundation.Launcher.LLDB"
     shouldUseLaunchSchemeArgsEnv = "YES"
      buildConfiguration = "DebugGame">
     <Testables>
        <TestableReference
           skipped = "NO">
           <BuildableReference
              BuildableIdentifier = "primary"
              BlueprintIdentifier = "8E963538CD385D3493C3CF8E"
              BuildableName = "UE4CmdLineRun.xctest"
              BlueprintName = "UE4CmdLineRun"
              ReferencedContainer = "container:GestureRecognizer.xcodeproj">
           </BuildableReference>
        </TestableReference>
     </Testables>
     <MacroExpansion>
        <BuildableReference
           BuildableIdentifier = "primary"
           BlueprintIdentifier = "8E963538CD385D3493C3CF8E"
           BuildableName = "UE4CmdLineRun.xctest"
           BlueprintName = "UE4CmdLineRun"
           ReferencedContainer = "container:GestureRecognizer.xcodeproj">
        </BuildableReference>
     </MacroExpansion>
  </TestAction>
  <LaunchAction
     selectedDebuggerIdentifier = "Xcode.DebuggerFoundation.Debugger.LLDB"
     selectedLauncherIdentifier = "Xcode.DebuggerFoundation.Launcher.LLDB"
     launchStyle = "0"
     useCustomWorkingDirectory = "NO"
     buildConfiguration = "DebugGame"
     ignoresPersistentStateOnLaunch = "NO"
     debugDocumentVersioning = "YES"
     allowLocationSimulation = "YES">
     <BuildableProductRunnable>
        <BuildableReference
           BuildableIdentifier = "primary"
           BlueprintIdentifier = "8E963538CD385D3493C3CF8E"
           BuildableName = "UE4CmdLineRun.xctest"
           BlueprintName = "UE4CmdLineRun"
           ReferencedContainer = "container:GestureRecognizer.xcodeproj">
        </BuildableReference>
     </BuildableProductRunnable>
     <AdditionalOptions>
     </AdditionalOptions>
  </LaunchAction>
  <ProfileAction
     shouldUseLaunchSchemeArgsEnv = "YES"
     savedToolIdentifier = ""
     useCustomWorkingDirectory = "NO"
     buildConfiguration = "Development"
     debugDocumentVersioning = "YES">
     <PathRunnable
        FilePath = "/Users/Shared/UnrealEngine/4.7/Engine/Binaries/IOS/UE4CmdLineRun.app">
     </PathRunnable>
     <BuildableProductRunnable>
         <BuildableReference
             BuildableIdentifier = "primary"
	          BlueprintIdentifier = "8E963538CD385D3493C3CF8E"
             BuildableName = "UE4CmdLineRun.app"
             BlueprintName = "UE4CmdLineRun"
             ReferencedContainer = "container:UE4.xcodeproj">
         </BuildableReference>
     </BuildableProductRunnable>
  </ProfileAction>
  <AnalyzeAction
     buildConfiguration = "DebugGame">
  </AnalyzeAction>
  <ArchiveAction
     buildConfiguration = "Development"
     revealArchiveInOrganizer = "YES">
  </ArchiveAction>
</Scheme>
